{
  "version": 4,
  "terraform_version": "1.8.3",
  "serial": 5,
  "lineage": "2b4e24b8-0a57-9314-cf44-4fc5ff39dc07",
  "outputs": {
    "frontend-url": {
      "value": "104.248.203.18",
      "type": "string",
      "sensitive": true
    },
    "postgres-cluster-connection-string": {
      "value": "postgresql://doadmin:AVNS_vYzdF8IpBR28D3euYJG@pizza-database-cluster-do-user-16675401-0.c.db.ondigitalocean.com:25060/defaultdb?sslmode=require",
      "type": "string",
      "sensitive": true
    }
  },
  "resources": [
    {
      "mode": "data",
      "type": "digitalocean_ssh_key",
      "name": "main",
      "provider": "provider[\"registry.terraform.io/digitalocean/digitalocean\"]",
      "instances": [
        {
          "schema_version": 0,
          "attributes": {
            "fingerprint": "47:80:49:07:01:01:7e:58:f7:82:08:50:81:1d:c3:2b",
            "id": 42062922,
            "name": "terraform",
            "public_key": "ssh-rsa AAAAB3NzaC1yc2EAAAADAQABAAABgQDCIp8OUxJf1mHi4oqxhdclTEAPoNORL3IlmILMf6FYqZ9dzoNqAIqzpuZsCp7ZzLfzeZpwIydzmj04KYaPvR2U7aP6zKLY1tFcI9NL41I0yoKr1g52Vz8Jpo69CfbJzVscDwl8mQqUHvnO2XqllzoAujfF2RML6Bs0YbzidZpQGfOH4n6INFqkySZGsSfObmgvtqz3tS4uwFfLvsB5N3uZ7d+daNbS5bNfeSydYciZc2QxUMaQjYMxs4yXPlZmxAIPtxOnFLpuLRe5rQd0DCcWXakwCx2UqkyeG2jCcdYufy/xzZE1nL7K9oacFRx3coV1WVshpybF/DdbyxIP2eK80uHtwSM77O4+dzDnGsp7Z/PU5evM4X8x09oAF6WdLnRlHG4NKCWVlnnusjCAGYSsPYZqz0AEWI9aDfHYmmdYvrolMy2IuX29JTX/EtH8bYisc8Z75kZULCPz29PTdLohP/tLrnh1/OWDcJkmFiIFDT83LtjgsHg5X+vADlXxkwM= makar@DESKTOP-FABVKUI"
          },
          "sensitive_attributes": []
        }
      ]
    },
    {
      "mode": "managed",
      "type": "digitalocean_database_cluster",
      "name": "postgres-cluster",
      "provider": "provider[\"registry.terraform.io/digitalocean/digitalocean\"]",
      "instances": [
        {
          "schema_version": 0,
          "attributes": {
            "database": "defaultdb",
            "engine": "pg",
            "eviction_policy": null,
            "host": "pizza-database-cluster-do-user-16675401-0.c.db.ondigitalocean.com",
            "id": "f1245bcf-96d9-472d-b663-9b3d9007e11a",
            "maintenance_window": [],
            "name": "pizza-database-cluster",
            "node_count": 1,
            "password": "AVNS_vYzdF8IpBR28D3euYJG",
            "port": 25060,
            "private_host": "private-pizza-database-cluster-do-user-16675401-0.c.db.ondigitalocean.com",
            "private_network_uuid": "9c0ca7c9-7ec7-478b-86a0-6b6015431aba",
            "private_uri": "postgresql://doadmin:AVNS_vYzdF8IpBR28D3euYJG@private-pizza-database-cluster-do-user-16675401-0.c.db.ondigitalocean.com:25060/defaultdb?sslmode=require",
            "region": "ams3",
            "size": "db-s-1vcpu-1gb",
            "sql_mode": null,
            "tags": null,
            "timeouts": null,
            "uri": "postgresql://doadmin:AVNS_vYzdF8IpBR28D3euYJG@pizza-database-cluster-do-user-16675401-0.c.db.ondigitalocean.com:25060/defaultdb?sslmode=require",
            "urn": "do:dbaas:f1245bcf-96d9-472d-b663-9b3d9007e11a",
            "user": "doadmin",
            "version": "15"
          },
          "sensitive_attributes": [
            [
              {
                "type": "get_attr",
                "value": "uri"
              }
            ],
            [
              {
                "type": "get_attr",
                "value": "password"
              }
            ],
            [
              {
                "type": "get_attr",
                "value": "private_uri"
              }
            ]
          ],
          "private": "eyJlMmJmYjczMC1lY2FhLTExZTYtOGY4OC0zNDM2M2JjN2M0YzAiOnsiY3JlYXRlIjoxODAwMDAwMDAwMDAwfX0="
        }
      ]
    },
    {
      "mode": "managed",
      "type": "digitalocean_database_firewall",
      "name": "api-firewall",
      "provider": "provider[\"registry.terraform.io/digitalocean/digitalocean\"]",
      "instances": [
        {
          "schema_version": 0,
          "attributes": {
            "cluster_id": "f1245bcf-96d9-472d-b663-9b3d9007e11a",
            "id": "f1245bcf-96d9-472d-b663-9b3d9007e11a-20240516171208864900000001",
            "rule": [
              {
                "created_at": "2024-05-16T17:12:10Z",
                "type": "tag",
                "uuid": "020f0cac-ed0b-4ade-b450-04ff5bb79c1d",
                "value": "pizza-apiserver"
              }
            ]
          },
          "sensitive_attributes": [],
          "private": "bnVsbA==",
          "dependencies": [
            "digitalocean_database_cluster.postgres-cluster"
          ]
        }
      ]
    },
    {
      "mode": "managed",
      "type": "digitalocean_droplet",
      "name": "web",
      "provider": "provider[\"registry.terraform.io/digitalocean/digitalocean\"]",
      "instances": [
        {
          "schema_version": 1,
          "attributes": {
            "backups": false,
            "created_at": "2024-05-16T17:08:06Z",
            "disk": 25,
            "droplet_agent": null,
            "graceful_shutdown": false,
            "id": "419222036",
            "image": "ubuntu-24-04-x64",
            "ipv4_address": "104.248.203.18",
            "ipv4_address_private": "10.110.0.2",
            "ipv6": false,
            "ipv6_address": "",
            "locked": false,
            "memory": 1024,
            "monitoring": false,
            "name": "web-pizza-ams3-frontend",
            "price_hourly": 0.00893,
            "price_monthly": 6,
            "private_networking": true,
            "region": "ams3",
            "resize_disk": true,
            "size": "s-1vcpu-1gb",
            "ssh_keys": [
              "42062922"
            ],
            "status": "active",
            "tags": [
              "pizza-webserver"
            ],
            "timeouts": null,
            "urn": "do:droplet:419222036",
            "user_data": null,
            "vcpus": 1,
            "volume_ids": [],
            "vpc_uuid": "9c0ca7c9-7ec7-478b-86a0-6b6015431aba"
          },
          "sensitive_attributes": [],
          "private": "eyJlMmJmYjczMC1lY2FhLTExZTYtOGY4OC0zNDM2M2JjN2M0YzAiOnsiY3JlYXRlIjozNjAwMDAwMDAwMDAwLCJkZWxldGUiOjYwMDAwMDAwMDAwLCJ1cGRhdGUiOjM2MDAwMDAwMDAwMDB9LCJzY2hlbWFfdmVyc2lvbiI6IjEifQ==",
          "dependencies": [
            "data.digitalocean_ssh_key.main"
          ],
          "create_before_destroy": true
        }
      ]
    },
    {
      "mode": "managed",
      "type": "digitalocean_firewall",
      "name": "web",
      "provider": "provider[\"registry.terraform.io/digitalocean/digitalocean\"]",
      "instances": [
        {
          "schema_version": 0,
          "attributes": {
            "created_at": "2024-05-16T17:09:09Z",
            "droplet_ids": [
              419222036
            ],
            "id": "70594641-0e91-401c-b5b3-0d1abe629666",
            "inbound_rule": [
              {
                "port_range": "",
                "protocol": "icmp",
                "source_addresses": [
                  "0.0.0.0/0",
                  "::/0"
                ],
                "source_droplet_ids": [],
                "source_kubernetes_ids": [],
                "source_load_balancer_uids": [],
                "source_tags": []
              },
              {
                "port_range": "22",
                "protocol": "tcp",
                "source_addresses": [
                  "0.0.0.0/0",
                  "::/0"
                ],
                "source_droplet_ids": [],
                "source_kubernetes_ids": [],
                "source_load_balancer_uids": [],
                "source_tags": []
              },
              {
                "port_range": "443",
                "protocol": "tcp",
                "source_addresses": [
                  "0.0.0.0/0",
                  "::/0"
                ],
                "source_droplet_ids": [],
                "source_kubernetes_ids": [],
                "source_load_balancer_uids": [],
                "source_tags": []
              },
              {
                "port_range": "80",
                "protocol": "tcp",
                "source_addresses": [
                  "0.0.0.0/0",
                  "::/0"
                ],
                "source_droplet_ids": [],
                "source_kubernetes_ids": [],
                "source_load_balancer_uids": [],
                "source_tags": []
              }
            ],
            "name": "pizza-web-22-80-433",
            "outbound_rule": [
              {
                "destination_addresses": [
                  "0.0.0.0/0",
                  "::/0"
                ],
                "destination_droplet_ids": [],
                "destination_kubernetes_ids": [],
                "destination_load_balancer_uids": [],
                "destination_tags": [],
                "port_range": "",
                "protocol": "icmp"
              },
              {
                "destination_addresses": [
                  "0.0.0.0/0",
                  "::/0"
                ],
                "destination_droplet_ids": [],
                "destination_kubernetes_ids": [],
                "destination_load_balancer_uids": [],
                "destination_tags": [],
                "port_range": "22",
                "protocol": "tcp"
              },
              {
                "destination_addresses": [
                  "0.0.0.0/0",
                  "::/0"
                ],
                "destination_droplet_ids": [],
                "destination_kubernetes_ids": [],
                "destination_load_balancer_uids": [],
                "destination_tags": [],
                "port_range": "443",
                "protocol": "tcp"
              },
              {
                "destination_addresses": [
                  "0.0.0.0/0",
                  "::/0"
                ],
                "destination_droplet_ids": [],
                "destination_kubernetes_ids": [],
                "destination_load_balancer_uids": [],
                "destination_tags": [],
                "port_range": "53",
                "protocol": "tcp"
              },
              {
                "destination_addresses": [
                  "0.0.0.0/0",
                  "::/0"
                ],
                "destination_droplet_ids": [],
                "destination_kubernetes_ids": [],
                "destination_load_balancer_uids": [],
                "destination_tags": [],
                "port_range": "53",
                "protocol": "udp"
              },
              {
                "destination_addresses": [
                  "0.0.0.0/0",
                  "::/0"
                ],
                "destination_droplet_ids": [],
                "destination_kubernetes_ids": [],
                "destination_load_balancer_uids": [],
                "destination_tags": [],
                "port_range": "80",
                "protocol": "tcp"
              }
            ],
            "pending_changes": [
              {
                "droplet_id": 419222036,
                "removing": false,
                "status": "waiting"
              }
            ],
            "status": "waiting",
            "tags": null
          },
          "sensitive_attributes": [],
          "private": "bnVsbA==",
          "dependencies": [
            "data.digitalocean_ssh_key.main",
            "digitalocean_droplet.web"
          ]
        }
      ]
    }
  ],
  "check_results": null
}
